# This file is automatically @generated by Poetry 1.6.1 and should not be changed by hand.

[[package]]
name = "python-dotenv"
version = "1.0.0"
description = "Read key-value pairs from a .env file and set them as environment variables"
optional = false
python-versions = ">=3.8"
files = [
    {file = "python-dotenv-1.0.0.tar.gz", hash = "sha256:a8df96034aae6d2d50a4ebe8216326c61c3eb64836776504fcca410e5937a3ba"},
    {file = "python_dotenv-1.0.0-py3-none-any.whl", hash = "sha256:f5971a9226b701070a4bf2c38c89e5a3f0d64de8debda981d1db98583009122a"},
]

[package.extras]
cli = ["click (>=5.0)"]

[[package]]
name = "sh"
version = "2.0.6"
description = "Python subprocess replacement"
optional = false
python-versions = ">=3.8.1,<4.0"
files = [
    {file = "sh-2.0.6-py3-none-any.whl", hash = "sha256:ced8f2e081a858b66a46ace3703dec243779abbd5a1887ba7e3c34f34da70cd2"},
    {file = "sh-2.0.6.tar.gz", hash = "sha256:9b2998f313f201c777e2c0061f0b1367497097ef13388595be147e2a00bf7ba1"},
]

[metadata]
lock-version = "2.0"
python-versions = "^3.11"
content-hash = "719d1fd3a5034c50be4aa803c252c555174057779ad86756562829b1336b7106"
